PODS:
  - SwiftyRSA (1.7.0):
    - SwiftyRSA/ObjC (= 1.7.0)
  - SwiftyRSA/ObjC (1.7.0)

DEPENDENCIES:
  - SwiftyRSA

SPEC REPOS:
  trunk:
    - SwiftyRSA

SPEC CHECKSUMS:
  SwiftyRSA: 8c6dd1ea7db1b8dc4fb517a202f88bb1354bc2c6

PODFILE CHECKSUM: cc897d145c87c4cae6414296ac1ec1e05a7a57e3

COCOAPODS: 1.15.2
